
Microsoft Visual Studio Solution File, Format Version 12.00
# Visual Studio Version 17
VisualStudioVersion = 17.13.35919.96 d17.13
MinimumVisualStudioVersion = 10.0.40219.1
Project("{54A90642-561A-4BB1-A94E-469ADEE60C69}") = "csirreact.client", "csirreact.client\csirreact.client.esproj", "{C808AEDF-A41E-855C-928D-EADA97E1DCA9}"
EndProject
Project("{FAE04EC0-301F-11D3-BF4B-00C04F79EFBC}") = "CSIRReact.Server", "CSIRReact.Server\CSIRReact.Server.csproj", "{3456625C-CEC6-4136-8D36-9081C25A0894}"
EndProject
Global
	GlobalSection(SolutionConfigurationPlatforms) = preSolution
		Debug|Any CPU = Debug|Any CPU
		Release|Any CPU = Release|Any CPU
	EndGlobalSection
	GlobalSection(ProjectConfigurationPlatforms) = postSolution
		{C808AEDF-A41E-855C-928D-EADA97E1DCA9}.Debug|Any CPU.ActiveCfg = Debug|Any CPU
		{C808AEDF-A41E-855C-928D-EADA97E1DCA9}.Debug|Any CPU.Build.0 = Debug|Any CPU
		{C808AEDF-A41E-855C-928D-EADA97E1DCA9}.Debug|Any CPU.Deploy.0 = Debug|Any CPU
		{C808AEDF-A41E-855C-928D-EADA97E1DCA9}.Release|Any CPU.ActiveCfg = Release|Any CPU
		{C808AEDF-A41E-855C-928D-EADA97E1DCA9}.Release|Any CPU.Build.0 = Release|Any CPU
		{C808AEDF-A41E-855C-928D-EADA97E1DCA9}.Release|Any CPU.Deploy.0 = Release|Any CPU
		{3456625C-CEC6-4136-8D36-9081C25A0894}.Debug|Any CPU.ActiveCfg = Debug|Any CPU
		{3456625C-CEC6-4136-8D36-9081C25A0894}.Debug|Any CPU.Build.0 = Debug|Any CPU
		{3456625C-CEC6-4136-8D36-9081C25A0894}.Release|Any CPU.ActiveCfg = Release|Any CPU
		{3456625C-CEC6-4136-8D36-9081C25A0894}.Release|Any CPU.Build.0 = Release|Any CPU
	EndGlobalSection
	GlobalSection(SolutionProperties) = preSolution
		HideSolutionNode = FALSE
	EndGlobalSection
	GlobalSection(ExtensibilityGlobals) = postSolution
		SolutionGuid = {89874911-CE7E-4176-8510-DBCE83182357}
	EndGlobalSection
EndGlobal
