
Microsoft Visual Studio Solution File, Format Version 12.00
# Visual Studio Version 17
VisualStudioVersion = 17.13.35919.96 d17.13
MinimumVisualStudioVersion = 10.0.40219.1
Project("{54A90642-561A-4BB1-A94E-469ADEE60C69}") = "csirreact.client", "csirreact.client\csirreact.client.esproj", "{C808AEDF-A41E-855C-928D-EADA97E1DCA9}"
EndProject
Project("{FAE04EC0-301F-11D3-BF4B-00C04F79EFBC}") = "CSIRReact.Server", "CSIRReact.Server\CSIRReact.Server.csproj", "{3456625C-CEC6-4136-8D36-9081C25A0894}"
EndProject
Project("{FAE04EC0-301F-11D3-BF4B-00C04F79EFBC}") = "CSIRReact.Server.Test", "CSIRReact.Server.Test\CSIRReact.Server.Test.csproj", "{DB8D9FD2-A459-43F3-954A-72D865A699FF}"
EndProject
Project("{FAE04EC0-301F-11D3-BF4B-00C04F79EFBC}") = "CSIRReact.DataAccess", "CSIRReact.DataAccess\CSIRReact.DataAccess.csproj", "{6D5667A4-CA59-4555-9ED9-94CEE127F2B4}"
EndProject
Project("{FAE04EC0-301F-11D3-BF4B-00C04F79EFBC}") = "CSIRReact.Logic", "CSIRReact.Logic\CSIRReact.Logic.csproj", "{527E734C-59A4-4D14-BEB4-7CAD7FB5D39C}"
EndProject
Global
	GlobalSection(SolutionConfigurationPlatforms) = preSolution
		Debug|Any CPU = Debug|Any CPU
		Release|Any CPU = Release|Any CPU
	EndGlobalSection
	GlobalSection(ProjectConfigurationPlatforms) = postSolution
		{C808AEDF-A41E-855C-928D-EADA97E1DCA9}.Debug|Any CPU.ActiveCfg = Debug|Any CPU
		{C808AEDF-A41E-855C-928D-EADA97E1DCA9}.Debug|Any CPU.Build.0 = Debug|Any CPU
		{C808AEDF-A41E-855C-928D-EADA97E1DCA9}.Debug|Any CPU.Deploy.0 = Debug|Any CPU
		{C808AEDF-A41E-855C-928D-EADA97E1DCA9}.Release|Any CPU.ActiveCfg = Release|Any CPU
		{C808AEDF-A41E-855C-928D-EADA97E1DCA9}.Release|Any CPU.Build.0 = Release|Any CPU
		{C808AEDF-A41E-855C-928D-EADA97E1DCA9}.Release|Any CPU.Deploy.0 = Release|Any CPU
		{3456625C-CEC6-4136-8D36-9081C25A0894}.Debug|Any CPU.ActiveCfg = Debug|Any CPU
		{3456625C-CEC6-4136-8D36-9081C25A0894}.Debug|Any CPU.Build.0 = Debug|Any CPU
		{3456625C-CEC6-4136-8D36-9081C25A0894}.Release|Any CPU.ActiveCfg = Release|Any CPU
		{3456625C-CEC6-4136-8D36-9081C25A0894}.Release|Any CPU.Build.0 = Release|Any CPU
		{DB8D9FD2-A459-43F3-954A-72D865A699FF}.Debug|Any CPU.ActiveCfg = Debug|Any CPU
		{DB8D9FD2-A459-43F3-954A-72D865A699FF}.Debug|Any CPU.Build.0 = Debug|Any CPU
		{DB8D9FD2-A459-43F3-954A-72D865A699FF}.Release|Any CPU.ActiveCfg = Release|Any CPU
		{DB8D9FD2-A459-43F3-954A-72D865A699FF}.Release|Any CPU.Build.0 = Release|Any CPU
		{6D5667A4-CA59-4555-9ED9-94CEE127F2B4}.Debug|Any CPU.ActiveCfg = Debug|Any CPU
		{6D5667A4-CA59-4555-9ED9-94CEE127F2B4}.Debug|Any CPU.Build.0 = Debug|Any CPU
		{6D5667A4-CA59-4555-9ED9-94CEE127F2B4}.Release|Any CPU.ActiveCfg = Release|Any CPU
		{6D5667A4-CA59-4555-9ED9-94CEE127F2B4}.Release|Any CPU.Build.0 = Release|Any CPU
		{527E734C-59A4-4D14-BEB4-7CAD7FB5D39C}.Debug|Any CPU.ActiveCfg = Debug|Any CPU
		{527E734C-59A4-4D14-BEB4-7CAD7FB5D39C}.Debug|Any CPU.Build.0 = Debug|Any CPU
		{527E734C-59A4-4D14-BEB4-7CAD7FB5D39C}.Release|Any CPU.ActiveCfg = Release|Any CPU
		{527E734C-59A4-4D14-BEB4-7CAD7FB5D39C}.Release|Any CPU.Build.0 = Release|Any CPU
	EndGlobalSection
	GlobalSection(SolutionProperties) = preSolution
		HideSolutionNode = FALSE
	EndGlobalSection
	GlobalSection(ExtensibilityGlobals) = postSolution
		SolutionGuid = {89874911-CE7E-4176-8510-DBCE83182357}
	EndGlobalSection
EndGlobal
